
Microsoft Visual Studio Solution File, Format Version 12.00
# Visual Studio Version 17
VisualStudioVersion = 17.6.33815.320
MinimumVisualStudioVersion = 10.0.40219.1
Project("{9A19103F-16F7-4668-BE54-9A1E7A4F7556}") = "EShop", "EShop\EShop.csproj", "{0430E426-84D7-4E86-A96B-CD87566E09D4}"
EndProject
Project("{2150E333-8FDC-42A3-9474-1A3956D46DE8}") = "Documnets", "Documnets", "{33094E5B-B24E-4297-B712-A957A3067D60}"
	ProjectSection(SolutionItems) = preProject
		EShop\Documents\Use Case.txt = EShop\Documents\Use Case.txt
	EndProjectSection
EndProject
Project("{2150E333-8FDC-42A3-9474-1A3956D46DE8}") = "Src", "Src", "{4CB6FC29-A9FF-4D8F-ACD6-0CA451587EA1}"
EndProject
Project("{2150E333-8FDC-42A3-9474-1A3956D46DE8}") = "01 Domain", "01 Domain", "{B62992D1-0067-4690-A1BE-6029024720F6}"
EndProject
Project("{2150E333-8FDC-42A3-9474-1A3956D46DE8}") = "02 Infrastructres", "02 Infrastructres", "{D19A56AD-96E9-477D-9455-FBFE7A9D9969}"
EndProject
Project("{2150E333-8FDC-42A3-9474-1A3956D46DE8}") = "03 EndPoints", "03 EndPoints", "{F1EFC3D8-41E4-4DC1-BECC-3B79AB9B4109}"
EndProject
Project("{9A19103F-16F7-4668-BE54-9A1E7A4F7556}") = "Eshop.Domain.core", "App.Domain.core\Eshop.Domain.core.csproj", "{B44A2CB3-C122-41A4-A924-8F4389FFFAFF}"
EndProject
Project("{9A19103F-16F7-4668-BE54-9A1E7A4F7556}") = "EShop.Domain.Services", "App.Domain.Services\EShop.Domain.Services.csproj", "{1FFD9C06-496F-44AE-9899-EF717600D790}"
EndProject
Project("{2150E333-8FDC-42A3-9474-1A3956D46DE8}") = "DataAccess", "DataAccess", "{4C878326-2644-47F4-9AED-44714D5829A2}"
EndProject
Project("{2150E333-8FDC-42A3-9474-1A3956D46DE8}") = "Db", "Db", "{A6E45FFA-8F19-4DFA-9117-47E638BD0976}"
EndProject
Project("{2150E333-8FDC-42A3-9474-1A3956D46DE8}") = "Prividers", "Prividers", "{3FBD0D36-3A7A-4288-9833-32D0403112A0}"
EndProject
Project("{9A19103F-16F7-4668-BE54-9A1E7A4F7556}") = "Eshop.Infra.Db.SqlServer.EF", "Eshop.Infra.Db,SqlServer.EF\Eshop.Infra.Db.SqlServer.EF.csproj", "{999EB5C1-4098-4973-8CFF-A0BC8B6A9184}"
EndProject
Project("{9A19103F-16F7-4668-BE54-9A1E7A4F7556}") = "Eshop.Infra.Data.Repos.Ef", "Eshop.Infra.Data.Repos.Dapper\Eshop.Infra.Data.Repos.Ef.csproj", "{18F2BD66-156A-4C0F-B131-18F683C75224}"
EndProject
Project("{9A19103F-16F7-4668-BE54-9A1E7A4F7556}") = "EShop.Domain.AppServices", "EShop.Domain.AppServices\EShop.Domain.AppServices.csproj", "{D9F5C42E-34D7-4A98-819A-035DC30D0452}"
EndProject
Global
	GlobalSection(SolutionConfigurationPlatforms) = preSolution
		Debug|Any CPU = Debug|Any CPU
		Release|Any CPU = Release|Any CPU
	EndGlobalSection
	GlobalSection(ProjectConfigurationPlatforms) = postSolution
		{0430E426-84D7-4E86-A96B-CD87566E09D4}.Debug|Any CPU.ActiveCfg = Debug|Any CPU
		{0430E426-84D7-4E86-A96B-CD87566E09D4}.Debug|Any CPU.Build.0 = Debug|Any CPU
		{0430E426-84D7-4E86-A96B-CD87566E09D4}.Release|Any CPU.ActiveCfg = Release|Any CPU
		{0430E426-84D7-4E86-A96B-CD87566E09D4}.Release|Any CPU.Build.0 = Release|Any CPU
		{B44A2CB3-C122-41A4-A924-8F4389FFFAFF}.Debug|Any CPU.ActiveCfg = Debug|Any CPU
		{B44A2CB3-C122-41A4-A924-8F4389FFFAFF}.Debug|Any CPU.Build.0 = Debug|Any CPU
		{B44A2CB3-C122-41A4-A924-8F4389FFFAFF}.Release|Any CPU.ActiveCfg = Release|Any CPU
		{B44A2CB3-C122-41A4-A924-8F4389FFFAFF}.Release|Any CPU.Build.0 = Release|Any CPU
		{1FFD9C06-496F-44AE-9899-EF717600D790}.Debug|Any CPU.ActiveCfg = Debug|Any CPU
		{1FFD9C06-496F-44AE-9899-EF717600D790}.Debug|Any CPU.Build.0 = Debug|Any CPU
		{1FFD9C06-496F-44AE-9899-EF717600D790}.Release|Any CPU.ActiveCfg = Release|Any CPU
		{1FFD9C06-496F-44AE-9899-EF717600D790}.Release|Any CPU.Build.0 = Release|Any CPU
		{999EB5C1-4098-4973-8CFF-A0BC8B6A9184}.Debug|Any CPU.ActiveCfg = Debug|Any CPU
		{999EB5C1-4098-4973-8CFF-A0BC8B6A9184}.Debug|Any CPU.Build.0 = Debug|Any CPU
		{999EB5C1-4098-4973-8CFF-A0BC8B6A9184}.Release|Any CPU.ActiveCfg = Release|Any CPU
		{999EB5C1-4098-4973-8CFF-A0BC8B6A9184}.Release|Any CPU.Build.0 = Release|Any CPU
		{18F2BD66-156A-4C0F-B131-18F683C75224}.Debug|Any CPU.ActiveCfg = Debug|Any CPU
		{18F2BD66-156A-4C0F-B131-18F683C75224}.Debug|Any CPU.Build.0 = Debug|Any CPU
		{18F2BD66-156A-4C0F-B131-18F683C75224}.Release|Any CPU.ActiveCfg = Release|Any CPU
		{18F2BD66-156A-4C0F-B131-18F683C75224}.Release|Any CPU.Build.0 = Release|Any CPU
		{D9F5C42E-34D7-4A98-819A-035DC30D0452}.Debug|Any CPU.ActiveCfg = Debug|Any CPU
		{D9F5C42E-34D7-4A98-819A-035DC30D0452}.Debug|Any CPU.Build.0 = Debug|Any CPU
		{D9F5C42E-34D7-4A98-819A-035DC30D0452}.Release|Any CPU.ActiveCfg = Release|Any CPU
		{D9F5C42E-34D7-4A98-819A-035DC30D0452}.Release|Any CPU.Build.0 = Release|Any CPU
	EndGlobalSection
	GlobalSection(SolutionProperties) = preSolution
		HideSolutionNode = FALSE
	EndGlobalSection
	GlobalSection(NestedProjects) = preSolution
		{0430E426-84D7-4E86-A96B-CD87566E09D4} = {F1EFC3D8-41E4-4DC1-BECC-3B79AB9B4109}
		{B62992D1-0067-4690-A1BE-6029024720F6} = {4CB6FC29-A9FF-4D8F-ACD6-0CA451587EA1}
		{D19A56AD-96E9-477D-9455-FBFE7A9D9969} = {4CB6FC29-A9FF-4D8F-ACD6-0CA451587EA1}
		{F1EFC3D8-41E4-4DC1-BECC-3B79AB9B4109} = {4CB6FC29-A9FF-4D8F-ACD6-0CA451587EA1}
		{B44A2CB3-C122-41A4-A924-8F4389FFFAFF} = {B62992D1-0067-4690-A1BE-6029024720F6}
		{1FFD9C06-496F-44AE-9899-EF717600D790} = {B62992D1-0067-4690-A1BE-6029024720F6}
		{4C878326-2644-47F4-9AED-44714D5829A2} = {D19A56AD-96E9-477D-9455-FBFE7A9D9969}
		{A6E45FFA-8F19-4DFA-9117-47E638BD0976} = {D19A56AD-96E9-477D-9455-FBFE7A9D9969}
		{3FBD0D36-3A7A-4288-9833-32D0403112A0} = {D19A56AD-96E9-477D-9455-FBFE7A9D9969}
		{999EB5C1-4098-4973-8CFF-A0BC8B6A9184} = {A6E45FFA-8F19-4DFA-9117-47E638BD0976}
		{18F2BD66-156A-4C0F-B131-18F683C75224} = {4C878326-2644-47F4-9AED-44714D5829A2}
		{D9F5C42E-34D7-4A98-819A-035DC30D0452} = {B62992D1-0067-4690-A1BE-6029024720F6}
	EndGlobalSection
	GlobalSection(ExtensibilityGlobals) = postSolution
		SolutionGuid = {82B19488-9AF7-4899-9EB9-6744258423D4}
	EndGlobalSection
EndGlobal
